{
  "name": "yosh",
  "lockfileVersion": 2,
  "requires": true,
  "packages": {
    "": {
      "devDependencies": {
        "prettier": "^2.8.8",
        "typescript": "^5.6.3",
        "yavascript": "^0.0.12"
      }
    },
    "node_modules/prettier": {
      "version": "2.8.8",
      "resolved": "https://registry.npmjs.org/prettier/-/prettier-2.8.8.tgz",
      "integrity": "sha512-tdN8qQGvNjw4CHbY+XXk0JgCXn9QiF21a55rBe5LJAU+kDyC4WQn4+awm2Xfk2lQMk5fKup9XgzTZtGkjBdP9Q==",
      "dev": true,
      "bin": {
        "prettier": "bin-prettier.js"
      },
      "engines": {
        "node": ">=10.13.0"
      },
      "funding": {
        "url": "https://github.com/prettier/prettier?sponsor=1"
      }
    },
    "node_modules/typescript": {
      "version": "5.6.3",
      "resolved": "https://registry.npmjs.org/typescript/-/typescript-5.6.3.tgz",
      "integrity": "sha512-hjcS1mhfuyi4WW8IWtjP7brDrG2cuDZukyrYrSauoXGNgx0S7zceP07adYkJycEr56BOUTNPzbInooiN3fn1qw==",
      "dev": true,
      "bin": {
        "tsc": "bin/tsc",
        "tsserver": "bin/tsserver"
      },
      "engines": {
        "node": ">=14.17"
      }
    },
    "node_modules/yavascript": {
      "version": "0.0.12",
      "resolved": "https://registry.npmjs.org/yavascript/-/yavascript-0.0.12.tgz",
      "integrity": "sha512-s1kX2NUmPmKaPKfw80Yp+ixgLI8MS5QyZL3yVGcZ0Qe3TaKqEcDl3TbLsvqvhHjtcukmbGdqIUcpiYnibEAhgA==",
      "dev": true,
      "bin": {
        "yavascript": "lib/cli.js"
      }
    }
  },
  "dependencies": {
    "prettier": {
      "version": "2.8.8",
      "resolved": "https://registry.npmjs.org/prettier/-/prettier-2.8.8.tgz",
      "integrity": "sha512-tdN8qQGvNjw4CHbY+XXk0JgCXn9QiF21a55rBe5LJAU+kDyC4WQn4+awm2Xfk2lQMk5fKup9XgzTZtGkjBdP9Q==",
      "dev": true
    },
    "typescript": {
      "version": "5.6.3",
      "resolved": "https://registry.npmjs.org/typescript/-/typescript-5.6.3.tgz",
      "integrity": "sha512-hjcS1mhfuyi4WW8IWtjP7brDrG2cuDZukyrYrSauoXGNgx0S7zceP07adYkJycEr56BOUTNPzbInooiN3fn1qw==",
      "dev": true
    },
    "yavascript": {
      "version": "0.0.12",
      "resolved": "https://registry.npmjs.org/yavascript/-/yavascript-0.0.12.tgz",
      "integrity": "sha512-s1kX2NUmPmKaPKfw80Yp+ixgLI8MS5QyZL3yVGcZ0Qe3TaKqEcDl3TbLsvqvhHjtcukmbGdqIUcpiYnibEAhgA==",
      "dev": true
    }
  }
}
